<?xml version="1.0" encoding="utf-8"?>
<Project ToolsVersion="4.0" xmlns="http://schemas.microsoft.com/developer/msbuild/2003">
  <ItemGroup>
    <Filter Include="소스 파일">
      <UniqueIdentifier>{4FC737F1-C7A5-4376-A066-2A32D752A2FF}</UniqueIdentifier>
      <Extensions>cpp;c;cc;cxx;def;odl;idl;hpj;bat;asm;asmx</Extensions>
    </Filter>
    <Filter Include="헤더 파일">
      <UniqueIdentifier>{93995380-89BD-4b04-88EB-625FBE52EBFB}</UniqueIdentifier>
      <Extensions>h;hh;hpp;hxx;hm;inl;inc;ipp;xsd</Extensions>
    </Filter>
    <Filter Include="리소스 파일">
      <UniqueIdentifier>{67DA6AB6-F800-4c08-8B7A-83BB121AAD01}</UniqueIdentifier>
      <Extensions>rc;ico;cur;bmp;dlg;rc2;rct;bin;rgs;gif;jpg;jpeg;jpe;resx;tiff;tif;png;wav;mfcribbon-ms</Extensions>
    </Filter>
  </ItemGroup>
  <ItemGroup>
    <ClCompile Include="sound.cpp">
      <Filter>소스 파일</Filter>
    </ClCompile>
    <ClCompile Include="jpeg.cpp">
      <Filter>소스 파일</Filter>
    </ClCompile>
    <ClCompile Include="tga.cpp">
      <Filter>소스 파일</Filter>
    </ClCompile>
    <ClCompile Include="zlib_contrib\ioapi.c">
      <Filter>소스 파일</Filter>
    </ClCompile>
    <ClCompile Include="zlib_contrib\unzip.c">
      <Filter>소스 파일</Filter>
    </ClCompile>
    <ClCompile Include="zlib_contrib\zip.c">
      <Filter>소스 파일</Filter>
    </ClCompile>
    <ClCompile Include="7zlib.cpp">
      <Filter>소스 파일</Filter>
    </ClCompile>
    <ClCompile Include="lzma.cpp">
      <Filter>소스 파일</Filter>
    </ClCompile>
    <ClCompile Include="image.cpp">
      <Filter>소스 파일</Filter>
    </ClCompile>
    <ClCompile Include="common.cpp">
      <Filter>소스 파일</Filter>
    </ClCompile>
    <ClCompile Include="openmp3\openmp3.cpp">
      <Filter>소스 파일</Filter>
    </ClCompile>
    <ClCompile Include="openmp3\src\decoder.cpp">
      <Filter>소스 파일</Filter>
    </ClCompile>
    <ClCompile Include="openmp3\src\huffman.cpp">
      <Filter>소스 파일</Filter>
    </ClCompile>
    <ClCompile Include="openmp3\src\iterator.cpp">
      <Filter>소스 파일</Filter>
    </ClCompile>
    <ClCompile Include="openmp3\src\requantize.cpp">
      <Filter>소스 파일</Filter>
    </ClCompile>
    <ClCompile Include="openmp3\src\stereo.cpp">
      <Filter>소스 파일</Filter>
    </ClCompile>
    <ClCompile Include="openmp3\src\synthesis.cpp">
      <Filter>소스 파일</Filter>
    </ClCompile>
    <ClCompile Include="openmp3\src\tables.cpp">
      <Filter>소스 파일</Filter>
    </ClCompile>
    <ClCompile Include="kpng.cpp">
      <Filter>소스 파일</Filter>
    </ClCompile>
    <ClCompile Include="readstream.cpp">
      <Filter>소스 파일</Filter>
    </ClCompile>
    <ClCompile Include="kzip.cpp">
      <Filter>소스 파일</Filter>
    </ClCompile>
    <ClCompile Include="compress.cpp">
      <Filter>소스 파일</Filter>
    </ClCompile>
  </ItemGroup>
  <ItemGroup>
    <ClInclude Include="zlib_contrib\crypt.h">
      <Filter>헤더 파일</Filter>
    </ClInclude>
    <ClInclude Include="zlib_contrib\ioapi.h">
      <Filter>헤더 파일</Filter>
    </ClInclude>
    <ClInclude Include="zlib_contrib\unzip.h">
      <Filter>헤더 파일</Filter>
    </ClInclude>
    <ClInclude Include="zlib_contrib\zip.h">
      <Filter>헤더 파일</Filter>
    </ClInclude>
    <ClInclude Include="7zlib.h">
      <Filter>헤더 파일</Filter>
    </ClInclude>
    <ClInclude Include="lzma.h">
      <Filter>헤더 파일</Filter>
    </ClInclude>
    <ClInclude Include="lzmacommon.h">
      <Filter>헤더 파일</Filter>
    </ClInclude>
    <ClInclude Include="tga.h">
      <Filter>헤더 파일</Filter>
    </ClInclude>
    <ClInclude Include="jpeg.h">
      <Filter>헤더 파일</Filter>
    </ClInclude>
    <ClInclude Include="openmp3\openmp3.h">
      <Filter>헤더 파일</Filter>
    </ClInclude>
    <ClInclude Include="openmp3\src\types.h">
      <Filter>헤더 파일</Filter>
    </ClInclude>
    <ClInclude Include="openmp3\src\huffman.h">
      <Filter>헤더 파일</Filter>
    </ClInclude>
    <ClInclude Include="openmp3\src\requantize.h">
      <Filter>헤더 파일</Filter>
    </ClInclude>
    <ClInclude Include="openmp3\src\stereo.h">
      <Filter>헤더 파일</Filter>
    </ClInclude>
    <ClInclude Include="openmp3\src\synthesis.h">
      <Filter>헤더 파일</Filter>
    </ClInclude>
    <ClInclude Include="openmp3\src\tables.h">
      <Filter>헤더 파일</Filter>
    </ClInclude>
    <ClInclude Include="openmp3\include\openmp3.h">
      <Filter>헤더 파일</Filter>
    </ClInclude>
    <ClInclude Include="kpng.h">
      <Filter>헤더 파일</Filter>
    </ClInclude>
    <ClInclude Include="readstream.h">
      <Filter>헤더 파일</Filter>
    </ClInclude>
    <ClInclude Include="include\image.h">
      <Filter>헤더 파일</Filter>
    </ClInclude>
    <ClInclude Include="include\sound.h">
      <Filter>헤더 파일</Filter>
    </ClInclude>
    <ClInclude Include="include\common.h">
      <Filter>헤더 파일</Filter>
    </ClInclude>
    <ClInclude Include="util.h">
      <Filter>헤더 파일</Filter>
    </ClInclude>
    <ClInclude Include="kzip.h">
      <Filter>헤더 파일</Filter>
    </ClInclude>
    <ClInclude Include="include\compress.h">
      <Filter>헤더 파일</Filter>
    </ClInclude>
  </ItemGroup>
</Project>